// !$*UTF8*$!
{
	archiveVersion = 1;
	classes = {
	};
	objectVersion = 52;
	objects = {

/* Begin PBXBuildFile section */
		53FC308926D98D18007F48EE /* AppDelegate.swift in Sources */ = {isa = PBXBuildFile; fileRef = 53FC308826D98D18007F48EE /* AppDelegate.swift */; };
		53FC308D26D98D18007F48EE /* ViewController.swift in Sources */ = {isa = PBXBuildFile; fileRef = 53FC308C26D98D18007F48EE /* ViewController.swift */; };
		53FC309026D98D18007F48EE /* Main.storyboard in Resources */ = {isa = PBXBuildFile; fileRef = 53FC308E26D98D18007F48EE /* Main.storyboard */; };
		53FC309226D98D19007F48EE /* Assets.xcassets in Resources */ = {isa = PBXBuildFile; fileRef = 53FC309126D98D19007F48EE /* Assets.xcassets */; };
		53FC309526D98D19007F48EE /* LaunchScreen.storyboard in Resources */ = {isa = PBXBuildFile; fileRef = 53FC309326D98D19007F48EE /* LaunchScreen.storyboard */; };
		53FC30A526DAABC2007F48EE /* Alamofire in Frameworks */ = {isa = PBXBuildFile; productRef = 53FC30A426DAABC2007F48EE /* Alamofire */; };
		53FC30A826DAAD34007F48EE /* GRDB in Frameworks */ = {isa = PBXBuildFile; productRef = 53FC30A726DAAD34007F48EE /* GRDB */; };
		53FC30AB26DAADF7007F48EE /* Kingfisher in Frameworks */ = {isa = PBXBuildFile; productRef = 53FC30AA26DAADF7007F48EE /* Kingfisher */; };
		53FC30AE26DAAE65007F48EE /* KeychainAccess in Frameworks */ = {isa = PBXBuildFile; productRef = 53FC30AD26DAAE65007F48EE /* KeychainAccess */; };
/* End PBXBuildFile section */

/* Begin PBXFileReference section */
		53FC308526D98D18007F48EE /* NSoftJobAssignment.app */ = {isa = PBXFileReference; explicitFileType = wrapper.application; includeInIndex = 0; path = NSoftJobAssignment.app; sourceTree = BUILT_PRODUCTS_DIR; };
		53FC308826D98D18007F48EE /* AppDelegate.swift */ = {isa = PBXFileReference; indentWidth = 2; lastKnownFileType = sourcecode.swift; path = AppDelegate.swift; sourceTree = "<group>"; tabWidth = 2; };
		53FC308C26D98D18007F48EE /* ViewController.swift */ = {isa = PBXFileReference; lastKnownFileType = sourcecode.swift; path = ViewController.swift; sourceTree = "<group>"; };
		53FC308F26D98D18007F48EE /* Base */ = {isa = PBXFileReference; lastKnownFileType = file.storyboard; name = Base; path = Base.lproj/Main.storyboard; sourceTree = "<group>"; };
		53FC309126D98D19007F48EE /* Assets.xcassets */ = {isa = PBXFileReference; lastKnownFileType = folder.assetcatalog; path = Assets.xcassets; sourceTree = "<group>"; };
		53FC309426D98D19007F48EE /* Base */ = {isa = PBXFileReference; lastKnownFileType = file.storyboard; name = Base; path = Base.lproj/LaunchScreen.storyboard; sourceTree = "<group>"; };
		53FC309626D98D19007F48EE /* Info.plist */ = {isa = PBXFileReference; lastKnownFileType = text.plist.xml; name = Info.plist; path = "NSoftJobAssignment/Common/Resources/Supporting files/Info.plist"; sourceTree = SOURCE_ROOT; };
/* End PBXFileReference section */

/* Begin PBXFrameworksBuildPhase section */
		53FC308226D98D18007F48EE /* Frameworks */ = {
			isa = PBXFrameworksBuildPhase;
			buildActionMask = 2147483647;
			files = (
				53FC30AE26DAAE65007F48EE /* KeychainAccess in Frameworks */,
				53FC30AB26DAADF7007F48EE /* Kingfisher in Frameworks */,
				53FC30A526DAABC2007F48EE /* Alamofire in Frameworks */,
				53FC30A826DAAD34007F48EE /* GRDB in Frameworks */,
			);
			runOnlyForDeploymentPostprocessing = 0;
		};
/* End PBXFrameworksBuildPhase section */

/* Begin PBXGroup section */
		53FC307C26D98D18007F48EE = {
			isa = PBXGroup;
			children = (
				53FC308726D98D18007F48EE /* NSoftJobAssignment */,
				53FC308626D98D18007F48EE /* Products */,
			);
			sourceTree = "<group>";
		};
		53FC308626D98D18007F48EE /* Products */ = {
			isa = PBXGroup;
			children = (
				53FC308526D98D18007F48EE /* NSoftJobAssignment.app */,
			);
			name = Products;
			sourceTree = "<group>";
		};
		53FC308726D98D18007F48EE /* NSoftJobAssignment */ = {
			isa = PBXGroup;
			children = (
				53FC309D26D99F46007F48EE /* Common */,
				53FC309C26D99F41007F48EE /* App */,
				53FC308C26D98D18007F48EE /* ViewController.swift */,
				53FC308E26D98D18007F48EE /* Main.storyboard */,
			);
			path = NSoftJobAssignment;
			sourceTree = "<group>";
		};
		53FC309C26D99F41007F48EE /* App */ = {
			isa = PBXGroup;
			children = (
				53FC308826D98D18007F48EE /* AppDelegate.swift */,
			);
			path = App;
			sourceTree = "<group>";
		};
		53FC309D26D99F46007F48EE /* Common */ = {
			isa = PBXGroup;
			children = (
				53FC309F26DAA7C0007F48EE /* Resources */,
				53FC309E26DAA7B1007F48EE /* Extensions */,
			);
			path = Common;
			sourceTree = "<group>";
		};
		53FC309E26DAA7B1007F48EE /* Extensions */ = {
			isa = PBXGroup;
			children = (
			);
			path = Extensions;
			sourceTree = "<group>";
		};
		53FC309F26DAA7C0007F48EE /* Resources */ = {
			isa = PBXGroup;
			children = (
				53FC30A126DAA820007F48EE /* Assets */,
				53FC30A026DAA7D7007F48EE /* Supporting files */,
				53FC30A226DAA831007F48EE /* Storyboards */,
			);
			path = Resources;
			sourceTree = "<group>";
		};
		53FC30A026DAA7D7007F48EE /* Supporting files */ = {
			isa = PBXGroup;
			children = (
				53FC309626D98D19007F48EE /* Info.plist */,
			);
			path = "Supporting files";
			sourceTree = "<group>";
		};
		53FC30A126DAA820007F48EE /* Assets */ = {
			isa = PBXGroup;
			children = (
				53FC309126D98D19007F48EE /* Assets.xcassets */,
			);
			path = Assets;
			sourceTree = "<group>";
		};
		53FC30A226DAA831007F48EE /* Storyboards */ = {
			isa = PBXGroup;
			children = (
				53FC309326D98D19007F48EE /* LaunchScreen.storyboard */,
			);
			path = Storyboards;
			sourceTree = "<group>";
		};
/* End PBXGroup section */

/* Begin PBXNativeTarget section */
		53FC308426D98D18007F48EE /* NSoftJobAssignment */ = {
			isa = PBXNativeTarget;
			buildConfigurationList = 53FC309926D98D19007F48EE /* Build configuration list for PBXNativeTarget "NSoftJobAssignment" */;
			buildPhases = (
				53FC308126D98D18007F48EE /* Sources */,
				53FC308226D98D18007F48EE /* Frameworks */,
				53FC308326D98D18007F48EE /* Resources */,
			);
			buildRules = (
			);
			dependencies = (
			);
			name = NSoftJobAssignment;
			packageProductDependencies = (
				53FC30A426DAABC2007F48EE /* Alamofire */,
				53FC30A726DAAD34007F48EE /* GRDB */,
				53FC30AA26DAADF7007F48EE /* Kingfisher */,
				53FC30AD26DAAE65007F48EE /* KeychainAccess */,
			);
			productName = NSoftJobAssignment;
			productReference = 53FC308526D98D18007F48EE /* NSoftJobAssignment.app */;
			productType = "com.apple.product-type.application";
		};
/* End PBXNativeTarget section */

/* Begin PBXProject section */
		53FC307D26D98D18007F48EE /* Project object */ = {
			isa = PBXProject;
			attributes = {
				LastSwiftUpdateCheck = 1250;
				LastUpgradeCheck = 1250;
				TargetAttributes = {
					53FC308426D98D18007F48EE = {
						CreatedOnToolsVersion = 12.5.1;
					};
				};
			};
			buildConfigurationList = 53FC308026D98D18007F48EE /* Build configuration list for PBXProject "NSoftJobAssignment" */;
			compatibilityVersion = "Xcode 9.3";
			developmentRegion = en;
			hasScannedForEncodings = 0;
			knownRegions = (
				en,
				Base,
			);
			mainGroup = 53FC307C26D98D18007F48EE;
			packageReferences = (
				53FC30A326DAABC2007F48EE /* XCRemoteSwiftPackageReference "Alamofire" */,
				53FC30A626DAAD34007F48EE /* XCRemoteSwiftPackageReference "GRDB.swift" */,
				53FC30A926DAADF7007F48EE /* XCRemoteSwiftPackageReference "Kingfisher" */,
				53FC30AC26DAAE65007F48EE /* XCRemoteSwiftPackageReference "KeychainAccess" */,
			);
			productRefGroup = 53FC308626D98D18007F48EE /* Products */;
			projectDirPath = "";
			projectRoot = "";
			targets = (
				53FC308426D98D18007F48EE /* NSoftJobAssignment */,
			);
		};
/* End PBXProject section */

/* Begin PBXResourcesBuildPhase section */
		53FC308326D98D18007F48EE /* Resources */ = {
			isa = PBXResourcesBuildPhase;
			buildActionMask = 2147483647;
			files = (
				53FC309526D98D19007F48EE /* LaunchScreen.storyboard in Resources */,
				53FC309226D98D19007F48EE /* Assets.xcassets in Resources */,
				53FC309026D98D18007F48EE /* Main.storyboard in Resources */,
			);
			runOnlyForDeploymentPostprocessing = 0;
		};
/* End PBXResourcesBuildPhase section */

/* Begin PBXSourcesBuildPhase section */
		53FC308126D98D18007F48EE /* Sources */ = {
			isa = PBXSourcesBuildPhase;
			buildActionMask = 2147483647;
			files = (
				53FC308D26D98D18007F48EE /* ViewController.swift in Sources */,
				53FC308926D98D18007F48EE /* AppDelegate.swift in Sources */,
			);
			runOnlyForDeploymentPostprocessing = 0;
		};
/* End PBXSourcesBuildPhase section */

/* Begin PBXVariantGroup section */
		53FC308E26D98D18007F48EE /* Main.storyboard */ = {
			isa = PBXVariantGroup;
			children = (
				53FC308F26D98D18007F48EE /* Base */,
			);
			name = Main.storyboard;
			sourceTree = "<group>";
		};
		53FC309326D98D19007F48EE /* LaunchScreen.storyboard */ = {
			isa = PBXVariantGroup;
			children = (
				53FC309426D98D19007F48EE /* Base */,
			);
			name = LaunchScreen.storyboard;
			sourceTree = "<group>";
		};
/* End PBXVariantGroup section */

/* Begin XCBuildConfiguration section */
		53FC309726D98D19007F48EE /* Debug */ = {
			isa = XCBuildConfiguration;
			buildSettings = {
				ALWAYS_SEARCH_USER_PATHS = NO;
				CLANG_ANALYZER_NONNULL = YES;
				CLANG_ANALYZER_NUMBER_OBJECT_CONVERSION = YES_AGGRESSIVE;
				CLANG_CXX_LANGUAGE_STANDARD = "gnu++14";
				CLANG_CXX_LIBRARY = "libc++";
				CLANG_ENABLE_MODULES = YES;
				CLANG_ENABLE_OBJC_ARC = YES;
				CLANG_ENABLE_OBJC_WEAK = YES;
				CLANG_WARN_BLOCK_CAPTURE_AUTORELEASING = YES;
				CLANG_WARN_BOOL_CONVERSION = YES;
				CLANG_WARN_COMMA = YES;
				CLANG_WARN_CONSTANT_CONVERSION = YES;
				CLANG_WARN_DEPRECATED_OBJC_IMPLEMENTATIONS = YES;
				CLANG_WARN_DIRECT_OBJC_ISA_USAGE = YES_ERROR;
				CLANG_WARN_DOCUMENTATION_COMMENTS = YES;
				CLANG_WARN_EMPTY_BODY = YES;
				CLANG_WARN_ENUM_CONVERSION = YES;
				CLANG_WARN_INFINITE_RECURSION = YES;
				CLANG_WARN_INT_CONVERSION = YES;
				CLANG_WARN_NON_LITERAL_NULL_CONVERSION = YES;
				CLANG_WARN_OBJC_IMPLICIT_RETAIN_SELF = YES;
				CLANG_WARN_OBJC_LITERAL_CONVERSION = YES;
				CLANG_WARN_OBJC_ROOT_CLASS = YES_ERROR;
				CLANG_WARN_QUOTED_INCLUDE_IN_FRAMEWORK_HEADER = YES;
				CLANG_WARN_RANGE_LOOP_ANALYSIS = YES;
				CLANG_WARN_STRICT_PROTOTYPES = YES;
				CLANG_WARN_SUSPICIOUS_MOVE = YES;
				CLANG_WARN_UNGUARDED_AVAILABILITY = YES_AGGRESSIVE;
				CLANG_WARN_UNREACHABLE_CODE = YES;
				CLANG_WARN__DUPLICATE_METHOD_MATCH = YES;
				COPY_PHASE_STRIP = NO;
				DEBUG_INFORMATION_FORMAT = dwarf;
				ENABLE_STRICT_OBJC_MSGSEND = YES;
				ENABLE_TESTABILITY = YES;
				GCC_C_LANGUAGE_STANDARD = gnu11;
				GCC_DYNAMIC_NO_PIC = NO;
				GCC_NO_COMMON_BLOCKS = YES;
				GCC_OPTIMIZATION_LEVEL = 0;
				GCC_PREPROCESSOR_DEFINITIONS = (
					"DEBUG=1",
					"$(inherited)",
				);
				GCC_WARN_64_TO_32_BIT_CONVERSION = YES;
				GCC_WARN_ABOUT_RETURN_TYPE = YES_ERROR;
				GCC_WARN_UNDECLARED_SELECTOR = YES;
				GCC_WARN_UNINITIALIZED_AUTOS = YES_AGGRESSIVE;
				GCC_WARN_UNUSED_FUNCTION = YES;
				GCC_WARN_UNUSED_VARIABLE = YES;
				IPHONEOS_DEPLOYMENT_TARGET = 14.5;
				MTL_ENABLE_DEBUG_INFO = INCLUDE_SOURCE;
				MTL_FAST_MATH = YES;
				ONLY_ACTIVE_ARCH = YES;
				SDKROOT = iphoneos;
				SWIFT_ACTIVE_COMPILATION_CONDITIONS = DEBUG;
				SWIFT_OPTIMIZATION_LEVEL = "-Onone";
			};
			name = Debug;
		};
		53FC309826D98D19007F48EE /* Release */ = {
			isa = XCBuildConfiguration;
			buildSettings = {
				ALWAYS_SEARCH_USER_PATHS = NO;
				CLANG_ANALYZER_NONNULL = YES;
				CLANG_ANALYZER_NUMBER_OBJECT_CONVERSION = YES_AGGRESSIVE;
				CLANG_CXX_LANGUAGE_STANDARD = "gnu++14";
				CLANG_CXX_LIBRARY = "libc++";
				CLANG_ENABLE_MODULES = YES;
				CLANG_ENABLE_OBJC_ARC = YES;
				CLANG_ENABLE_OBJC_WEAK = YES;
				CLANG_WARN_BLOCK_CAPTURE_AUTORELEASING = YES;
				CLANG_WARN_BOOL_CONVERSION = YES;
				CLANG_WARN_COMMA = YES;
				CLANG_WARN_CONSTANT_CONVERSION = YES;
				CLANG_WARN_DEPRECATED_OBJC_IMPLEMENTATIONS = YES;
				CLANG_WARN_DIRECT_OBJC_ISA_USAGE = YES_ERROR;
				CLANG_WARN_DOCUMENTATION_COMMENTS = YES;
				CLANG_WARN_EMPTY_BODY = YES;
				CLANG_WARN_ENUM_CONVERSION = YES;
				CLANG_WARN_INFINITE_RECURSION = YES;
				CLANG_WARN_INT_CONVERSION = YES;
				CLANG_WARN_NON_LITERAL_NULL_CONVERSION = YES;
				CLANG_WARN_OBJC_IMPLICIT_RETAIN_SELF = YES;
				CLANG_WARN_OBJC_LITERAL_CONVERSION = YES;
				CLANG_WARN_OBJC_ROOT_CLASS = YES_ERROR;
				CLANG_WARN_QUOTED_INCLUDE_IN_FRAMEWORK_HEADER = YES;
				CLANG_WARN_RANGE_LOOP_ANALYSIS = YES;
				CLANG_WARN_STRICT_PROTOTYPES = YES;
				CLANG_WARN_SUSPICIOUS_MOVE = YES;
				CLANG_WARN_UNGUARDED_AVAILABILITY = YES_AGGRESSIVE;
				CLANG_WARN_UNREACHABLE_CODE = YES;
				CLANG_WARN__DUPLICATE_METHOD_MATCH = YES;
				COPY_PHASE_STRIP = NO;
				DEBUG_INFORMATION_FORMAT = "dwarf-with-dsym";
				ENABLE_NS_ASSERTIONS = NO;
				ENABLE_STRICT_OBJC_MSGSEND = YES;
				GCC_C_LANGUAGE_STANDARD = gnu11;
				GCC_NO_COMMON_BLOCKS = YES;
				GCC_WARN_64_TO_32_BIT_CONVERSION = YES;
				GCC_WARN_ABOUT_RETURN_TYPE = YES_ERROR;
				GCC_WARN_UNDECLARED_SELECTOR = YES;
				GCC_WARN_UNINITIALIZED_AUTOS = YES_AGGRESSIVE;
				GCC_WARN_UNUSED_FUNCTION = YES;
				GCC_WARN_UNUSED_VARIABLE = YES;
				IPHONEOS_DEPLOYMENT_TARGET = 14.5;
				MTL_ENABLE_DEBUG_INFO = NO;
				MTL_FAST_MATH = YES;
				SDKROOT = iphoneos;
				SWIFT_COMPILATION_MODE = wholemodule;
				SWIFT_OPTIMIZATION_LEVEL = "-O";
				VALIDATE_PRODUCT = YES;
			};
			name = Release;
		};
		53FC309A26D98D19007F48EE /* Debug */ = {
			isa = XCBuildConfiguration;
			buildSettings = {
				ASSETCATALOG_COMPILER_APPICON_NAME = AppIcon;
				ASSETCATALOG_COMPILER_GLOBAL_ACCENT_COLOR_NAME = AccentColor;
				CODE_SIGN_STYLE = Automatic;
				DEVELOPMENT_TEAM = VJVL8D83F6;
				INFOPLIST_FILE = "NSoftJobAssignment/Common/Resources/Supporting files/Info.plist";
				LD_RUNPATH_SEARCH_PATHS = (
					"$(inherited)",
					"@executable_path/Frameworks",
				);
				PRODUCT_BUNDLE_IDENTIFIER = luka.sarcevic.NSoftJobAssignment;
				PRODUCT_NAME = "$(TARGET_NAME)";
				SWIFT_VERSION = 5.0;
				TARGETED_DEVICE_FAMILY = "1,2";
			};
			name = Debug;
		};
		53FC309B26D98D19007F48EE /* Release */ = {
			isa = XCBuildConfiguration;
			buildSettings = {
				ASSETCATALOG_COMPILER_APPICON_NAME = AppIcon;
				ASSETCATALOG_COMPILER_GLOBAL_ACCENT_COLOR_NAME = AccentColor;
				CODE_SIGN_STYLE = Automatic;
				DEVELOPMENT_TEAM = VJVL8D83F6;
				INFOPLIST_FILE = "NSoftJobAssignment/Common/Resources/Supporting files/Info.plist";
				LD_RUNPATH_SEARCH_PATHS = (
					"$(inherited)",
					"@executable_path/Frameworks",
				);
				PRODUCT_BUNDLE_IDENTIFIER = luka.sarcevic.NSoftJobAssignment;
				PRODUCT_NAME = "$(TARGET_NAME)";
				SWIFT_VERSION = 5.0;
				TARGETED_DEVICE_FAMILY = "1,2";
			};
			name = Release;
		};
/* End XCBuildConfiguration section */

/* Begin XCConfigurationList section */
		53FC308026D98D18007F48EE /* Build configuration list for PBXProject "NSoftJobAssignment" */ = {
			isa = XCConfigurationList;
			buildConfigurations = (
				53FC309726D98D19007F48EE /* Debug */,
				53FC309826D98D19007F48EE /* Release */,
			);
			defaultConfigurationIsVisible = 0;
			defaultConfigurationName = Release;
		};
		53FC309926D98D19007F48EE /* Build configuration list for PBXNativeTarget "NSoftJobAssignment" */ = {
			isa = XCConfigurationList;
			buildConfigurations = (
				53FC309A26D98D19007F48EE /* Debug */,
				53FC309B26D98D19007F48EE /* Release */,
			);
			defaultConfigurationIsVisible = 0;
			defaultConfigurationName = Release;
		};
/* End XCConfigurationList section */

/* Begin XCRemoteSwiftPackageReference section */
		53FC30A326DAABC2007F48EE /* XCRemoteSwiftPackageReference "Alamofire" */ = {
			isa = XCRemoteSwiftPackageReference;
			repositoryURL = "https://github.com/Alamofire/Alamofire.git";
			requirement = {
				kind = upToNextMajorVersion;
				minimumVersion = 5.4.3;
			};
		};
		53FC30A626DAAD34007F48EE /* XCRemoteSwiftPackageReference "GRDB.swift" */ = {
			isa = XCRemoteSwiftPackageReference;
			repositoryURL = "https://github.com/groue/GRDB.swift.git";
			requirement = {
				kind = upToNextMajorVersion;
				minimumVersion = 5.10.0;
			};
		};
		53FC30A926DAADF7007F48EE /* XCRemoteSwiftPackageReference "Kingfisher" */ = {
			isa = XCRemoteSwiftPackageReference;
			repositoryURL = "https://github.com/onevcat/Kingfisher.git";
			requirement = {
				kind = upToNextMajorVersion;
				minimumVersion = 6.3.1;
			};
		};
		53FC30AC26DAAE65007F48EE /* XCRemoteSwiftPackageReference "KeychainAccess" */ = {
			isa = XCRemoteSwiftPackageReference;
			repositoryURL = "https://github.com/kishikawakatsumi/KeychainAccess.git";
			requirement = {
				kind = upToNextMajorVersion;
				minimumVersion = 4.2.2;
			};
		};
/* End XCRemoteSwiftPackageReference section */

/* Begin XCSwiftPackageProductDependency section */
		53FC30A426DAABC2007F48EE /* Alamofire */ = {
			isa = XCSwiftPackageProductDependency;
			package = 53FC30A326DAABC2007F48EE /* XCRemoteSwiftPackageReference "Alamofire" */;
			productName = Alamofire;
		};
		53FC30A726DAAD34007F48EE /* GRDB */ = {
			isa = XCSwiftPackageProductDependency;
			package = 53FC30A626DAAD34007F48EE /* XCRemoteSwiftPackageReference "GRDB.swift" */;
			productName = GRDB;
		};
		53FC30AA26DAADF7007F48EE /* Kingfisher */ = {
			isa = XCSwiftPackageProductDependency;
			package = 53FC30A926DAADF7007F48EE /* XCRemoteSwiftPackageReference "Kingfisher" */;
			productName = Kingfisher;
		};
		53FC30AD26DAAE65007F48EE /* KeychainAccess */ = {
			isa = XCSwiftPackageProductDependency;
			package = 53FC30AC26DAAE65007F48EE /* XCRemoteSwiftPackageReference "KeychainAccess" */;
			productName = KeychainAccess;
		};
/* End XCSwiftPackageProductDependency section */
	};
	rootObject = 53FC307D26D98D18007F48EE /* Project object */;
}
